
Microsoft Visual Studio Solution File, Format Version 12.00
# Visual Studio Version 16
VisualStudioVersion = 16.0.31321.278
MinimumVisualStudioVersion = 10.0.40219.1
Project("{FAE04EC0-301F-11D3-BF4B-00C04F79EFBC}") = "QLTB", "QLTB\QLTB.csproj", "{DC7048DA-BFC8-4A63-978E-CAB538B57841}"
EndProject
Project("{FAE04EC0-301F-11D3-BF4B-00C04F79EFBC}") = "DataLayer", "DataLayer\DataLayer.csproj", "{5838151D-0905-4D19-ACDA-CFE62B81A089}"
EndProject
Global
	GlobalSection(SolutionConfigurationPlatforms) = preSolution
		Debug|Any CPU = Debug|Any CPU
		Release|Any CPU = Release|Any CPU
	EndGlobalSection
	GlobalSection(ProjectConfigurationPlatforms) = postSolution
		{DC7048DA-BFC8-4A63-978E-CAB538B57841}.Debug|Any CPU.ActiveCfg = Debug|Any CPU
		{DC7048DA-BFC8-4A63-978E-CAB538B57841}.Debug|Any CPU.Build.0 = Debug|Any CPU
		{DC7048DA-BFC8-4A63-978E-CAB538B57841}.Release|Any CPU.ActiveCfg = Release|Any CPU
		{DC7048DA-BFC8-4A63-978E-CAB538B57841}.Release|Any CPU.Build.0 = Release|Any CPU
		{5838151D-0905-4D19-ACDA-CFE62B81A089}.Debug|Any CPU.ActiveCfg = Debug|Any CPU
		{5838151D-0905-4D19-ACDA-CFE62B81A089}.Debug|Any CPU.Build.0 = Debug|Any CPU
		{5838151D-0905-4D19-ACDA-CFE62B81A089}.Release|Any CPU.ActiveCfg = Release|Any CPU
		{5838151D-0905-4D19-ACDA-CFE62B81A089}.Release|Any CPU.Build.0 = Release|Any CPU
	EndGlobalSection
	GlobalSection(SolutionProperties) = preSolution
		HideSolutionNode = FALSE
	EndGlobalSection
	GlobalSection(ExtensibilityGlobals) = postSolution
		SolutionGuid = {8304CCB5-1C91-44D7-88C2-3D27F18E3A8D}
	EndGlobalSection
EndGlobal
